uuid: 9f853f45-4130-4563-8b3b-7e1998b8703e
langcode: de
status: true
dependencies:
  config:
    - core.entity_view_mode.node.teaser
    - node.type.news
  module:
    - node
id: news_teaser_block
label: Nachrichten-Teaser
module: views
description: ''
tag: ''
base_table: node_field_data
base_field: nid
display:
  default:
    id: default
    display_title: Default
    display_plugin: default
    position: 0
    display_options:
      title: Nachrichten-Teaser
      fields: {  }
      pager:
        type: some
        options:
          items_per_page: 60
      access:
        type: none
      cache:
        type: tag
      sorts:
        created:
          id: created
          table: node_field_data
          field: created
          entity_type: node
          plugin_id: date
          order: DESC
      filters:
        type:
          id: type
          table: node_field_data
          field: type
          entity_type: node
          plugin_id: bundle
          value:
            news: news
        status:
          id: status
          table: node_field_data
          field: status
          entity_type: node
          plugin_id: boolean
          value: '1'
      style:
        type: default
      row:
        type: 'entity:node'
        options:
          view_mode: teaser
      query:
        type: views_query
      display_extenders: {  }
    cache_metadata:
      max-age: -1
      contexts:
        - 'languages:language_interface'
        - 'user.node_grants:view'
      tags: {  }
  block_1:
    id: block_1
    display_title: Block
    display_plugin: block
    position: 1
    display_options:
      display_extenders: {  }
    cache_metadata:
      max-age: -1
      contexts:
        - 'languages:language_interface'
        - 'user.node_grants:view'
      tags: {  }
